// !$*UTF8*$!
{
	archiveVersion = 1;
	classes = {
	};
	objectVersion = 50;
	objects = {

/* Begin PBXBuildFile section */
		BECFD4DE23792535004009F9 /* AppDelegate.swift in Sources */ = {isa = PBXBuildFile; fileRef = BECFD4DD23792535004009F9 /* AppDelegate.swift */; };
		BECFD4E023792535004009F9 /* SceneDelegate.swift in Sources */ = {isa = PBXBuildFile; fileRef = BECFD4DF23792535004009F9 /* SceneDelegate.swift */; };
		BECFD4E223792535004009F9 /* ContentView.swift in Sources */ = {isa = PBXBuildFile; fileRef = BECFD4E123792535004009F9 /* ContentView.swift */; };
		BECFD4E423792537004009F9 /* Assets.xcassets in Resources */ = {isa = PBXBuildFile; fileRef = BECFD4E323792537004009F9 /* Assets.xcassets */; };
		BECFD4E723792537004009F9 /* Preview Assets.xcassets in Resources */ = {isa = PBXBuildFile; fileRef = BECFD4E623792537004009F9 /* Preview Assets.xcassets */; };
		BECFD4EA23792537004009F9 /* LaunchScreen.storyboard in Resources */ = {isa = PBXBuildFile; fileRef = BECFD4E823792537004009F9 /* LaunchScreen.storyboard */; };
		BECFD4F523792537004009F9 /* helloworldTests.swift in Sources */ = {isa = PBXBuildFile; fileRef = BECFD4F423792537004009F9 /* helloworldTests.swift */; };
		BECFD50023792537004009F9 /* helloworldUITests.swift in Sources */ = {isa = PBXBuildFile; fileRef = BECFD4FF23792537004009F9 /* helloworldUITests.swift */; };
		BECFD50E23792582004009F9 /* GoogleService-Info.plist in Resources */ = {isa = PBXBuildFile; fileRef = BECFD50D23792582004009F9 /* GoogleService-Info.plist */; };
		BECFD50F23792582004009F9 /* GoogleService-Info.plist in Resources */ = {isa = PBXBuildFile; fileRef = BECFD50D23792582004009F9 /* GoogleService-Info.plist */; };
		BECFD51023792582004009F9 /* GoogleService-Info.plist in Resources */ = {isa = PBXBuildFile; fileRef = BECFD50D23792582004009F9 /* GoogleService-Info.plist */; };
/* End PBXBuildFile section */

/* Begin PBXContainerItemProxy section */
		BECFD4F123792537004009F9 /* PBXContainerItemProxy */ = {
			isa = PBXContainerItemProxy;
			containerPortal = BECFD4D223792535004009F9 /* Project object */;
			proxyType = 1;
			remoteGlobalIDString = BECFD4D923792535004009F9;
			remoteInfo = helloworld;
		};
		BECFD4FC23792537004009F9 /* PBXContainerItemProxy */ = {
			isa = PBXContainerItemProxy;
			containerPortal = BECFD4D223792535004009F9 /* Project object */;
			proxyType = 1;
			remoteGlobalIDString = BECFD4D923792535004009F9;
			remoteInfo = helloworld;
		};
/* End PBXContainerItemProxy section */

/* Begin PBXFileReference section */
		BECFD4DA23792535004009F9 /* helloworld.app */ = {isa = PBXFileReference; explicitFileType = wrapper.application; includeInIndex = 0; path = helloworld.app; sourceTree = BUILT_PRODUCTS_DIR; };
		BECFD4DD23792535004009F9 /* AppDelegate.swift */ = {isa = PBXFileReference; lastKnownFileType = sourcecode.swift; path = AppDelegate.swift; sourceTree = "<group>"; };
		BECFD4DF23792535004009F9 /* SceneDelegate.swift */ = {isa = PBXFileReference; lastKnownFileType = sourcecode.swift; path = SceneDelegate.swift; sourceTree = "<group>"; };
		BECFD4E123792535004009F9 /* ContentView.swift */ = {isa = PBXFileReference; lastKnownFileType = sourcecode.swift; path = ContentView.swift; sourceTree = "<group>"; };
		BECFD4E323792537004009F9 /* Assets.xcassets */ = {isa = PBXFileReference; lastKnownFileType = folder.assetcatalog; path = Assets.xcassets; sourceTree = "<group>"; };
		BECFD4E623792537004009F9 /* Preview Assets.xcassets */ = {isa = PBXFileReference; lastKnownFileType = folder.assetcatalog; path = "Preview Assets.xcassets"; sourceTree = "<group>"; };
		BECFD4E923792537004009F9 /* Base */ = {isa = PBXFileReference; lastKnownFileType = file.storyboard; name = Base; path = Base.lproj/LaunchScreen.storyboard; sourceTree = "<group>"; };
		BECFD4EB23792537004009F9 /* Info.plist */ = {isa = PBXFileReference; lastKnownFileType = text.plist.xml; path = Info.plist; sourceTree = "<group>"; };
		BECFD4F023792537004009F9 /* helloworldTests.xctest */ = {isa = PBXFileReference; explicitFileType = wrapper.cfbundle; includeInIndex = 0; path = helloworldTests.xctest; sourceTree = BUILT_PRODUCTS_DIR; };
		BECFD4F423792537004009F9 /* helloworldTests.swift */ = {isa = PBXFileReference; lastKnownFileType = sourcecode.swift; path = helloworldTests.swift; sourceTree = "<group>"; };
		BECFD4F623792537004009F9 /* Info.plist */ = {isa = PBXFileReference; lastKnownFileType = text.plist.xml; path = Info.plist; sourceTree = "<group>"; };
		BECFD4FB23792537004009F9 /* helloworldUITests.xctest */ = {isa = PBXFileReference; explicitFileType = wrapper.cfbundle; includeInIndex = 0; path = helloworldUITests.xctest; sourceTree = BUILT_PRODUCTS_DIR; };
		BECFD4FF23792537004009F9 /* helloworldUITests.swift */ = {isa = PBXFileReference; lastKnownFileType = sourcecode.swift; path = helloworldUITests.swift; sourceTree = "<group>"; };
		BECFD50123792537004009F9 /* Info.plist */ = {isa = PBXFileReference; lastKnownFileType = text.plist.xml; path = Info.plist; sourceTree = "<group>"; };
		BECFD50D23792582004009F9 /* GoogleService-Info.plist */ = {isa = PBXFileReference; fileEncoding = 4; lastKnownFileType = text.plist.xml; name = "GoogleService-Info.plist"; path = "../../../../Downloads/GoogleService-Info.plist"; sourceTree = "<group>"; };
		BECFD5112379258C004009F9 /* GoogleService-Info.plist */ = {isa = PBXFileReference; lastKnownFileType = text.plist.xml; path = "GoogleService-Info.plist"; sourceTree = "<group>"; };
/* End PBXFileReference section */

/* Begin PBXFrameworksBuildPhase section */
		BECFD4D723792535004009F9 /* Frameworks */ = {
			isa = PBXFrameworksBuildPhase;
			buildActionMask = 2147483647;
			files = (
			);
			runOnlyForDeploymentPostprocessing = 0;
		};
		BECFD4ED23792537004009F9 /* Frameworks */ = {
			isa = PBXFrameworksBuildPhase;
			buildActionMask = 2147483647;
			files = (
			);
			runOnlyForDeploymentPostprocessing = 0;
		};
		BECFD4F823792537004009F9 /* Frameworks */ = {
			isa = PBXFrameworksBuildPhase;
			buildActionMask = 2147483647;
			files = (
			);
			runOnlyForDeploymentPostprocessing = 0;
		};
/* End PBXFrameworksBuildPhase section */

/* Begin PBXGroup section */
		BECFD4D123792535004009F9 = {
			isa = PBXGroup;
			children = (
				BECFD50D23792582004009F9 /* GoogleService-Info.plist */,
				BECFD4DC23792535004009F9 /* helloworld */,
				BECFD4F323792537004009F9 /* helloworldTests */,
				BECFD4FE23792537004009F9 /* helloworldUITests */,
				BECFD4DB23792535004009F9 /* Products */,
			);
			sourceTree = "<group>";
		};
		BECFD4DB23792535004009F9 /* Products */ = {
			isa = PBXGroup;
			children = (
				BECFD4DA23792535004009F9 /* helloworld.app */,
				BECFD4F023792537004009F9 /* helloworldTests.xctest */,
				BECFD4FB23792537004009F9 /* helloworldUITests.xctest */,
			);
			name = Products;
			sourceTree = "<group>";
		};
		BECFD4DC23792535004009F9 /* helloworld */ = {
			isa = PBXGroup;
			children = (
				BECFD4DD23792535004009F9 /* AppDelegate.swift */,
				BECFD4DF23792535004009F9 /* SceneDelegate.swift */,
				BECFD4E123792535004009F9 /* ContentView.swift */,
				BECFD4E323792537004009F9 /* Assets.xcassets */,
				BECFD4E823792537004009F9 /* LaunchScreen.storyboard */,
				BECFD4EB23792537004009F9 /* Info.plist */,
				BECFD5112379258C004009F9 /* GoogleService-Info.plist */,
				BECFD4E523792537004009F9 /* Preview Content */,
			);
			path = helloworld;
			sourceTree = "<group>";
		};
		BECFD4E523792537004009F9 /* Preview Content */ = {
			isa = PBXGroup;
			children = (
				BECFD4E623792537004009F9 /* Preview Assets.xcassets */,
			);
			path = "Preview Content";
			sourceTree = "<group>";
		};
		BECFD4F323792537004009F9 /* helloworldTests */ = {
			isa = PBXGroup;
			children = (
				BECFD4F423792537004009F9 /* helloworldTests.swift */,
				BECFD4F623792537004009F9 /* Info.plist */,
			);
			path = helloworldTests;
			sourceTree = "<group>";
		};
		BECFD4FE23792537004009F9 /* helloworldUITests */ = {
			isa = PBXGroup;
			children = (
				BECFD4FF23792537004009F9 /* helloworldUITests.swift */,
				BECFD50123792537004009F9 /* Info.plist */,
			);
			path = helloworldUITests;
			sourceTree = "<group>";
		};
/* End PBXGroup section */

/* Begin PBXNativeTarget section */
		BECFD4D923792535004009F9 /* helloworld */ = {
			isa = PBXNativeTarget;
			buildConfigurationList = BECFD50423792537004009F9 /* Build configuration list for PBXNativeTarget "helloworld" */;
			buildPhases = (
				BECFD4D623792535004009F9 /* Sources */,
				BECFD4D723792535004009F9 /* Frameworks */,
				BECFD4D823792535004009F9 /* Resources */,
			);
			buildRules = (
			);
			dependencies = (
			);
			name = helloworld;
			productName = helloworld;
			productReference = BECFD4DA23792535004009F9 /* helloworld.app */;
			productType = "com.apple.product-type.application";
		};
		BECFD4EF23792537004009F9 /* helloworldTests */ = {
			isa = PBXNativeTarget;
			buildConfigurationList = BECFD50723792537004009F9 /* Build configuration list for PBXNativeTarget "helloworldTests" */;
			buildPhases = (
				BECFD4EC23792537004009F9 /* Sources */,
				BECFD4ED23792537004009F9 /* Frameworks */,
				BECFD4EE23792537004009F9 /* Resources */,
			);
			buildRules = (
			);
			dependencies = (
				BECFD4F223792537004009F9 /* PBXTargetDependency */,
			);
			name = helloworldTests;
			productName = helloworldTests;
			productReference = BECFD4F023792537004009F9 /* helloworldTests.xctest */;
			productType = "com.apple.product-type.bundle.unit-test";
		};
		BECFD4FA23792537004009F9 /* helloworldUITests */ = {
			isa = PBXNativeTarget;
			buildConfigurationList = BECFD50A23792537004009F9 /* Build configuration list for PBXNativeTarget "helloworldUITests" */;
			buildPhases = (
				BECFD4F723792537004009F9 /* Sources */,
				BECFD4F823792537004009F9 /* Frameworks */,
				BECFD4F923792537004009F9 /* Resources */,
			);
			buildRules = (
			);
			dependencies = (
				BECFD4FD23792537004009F9 /* PBXTargetDependency */,
			);
			name = helloworldUITests;
			productName = helloworldUITests;
			productReference = BECFD4FB23792537004009F9 /* helloworldUITests.xctest */;
			productType = "com.apple.product-type.bundle.ui-testing";
		};
/* End PBXNativeTarget section */

/* Begin PBXProject section */
		BECFD4D223792535004009F9 /* Project object */ = {
			isa = PBXProject;
			attributes = {
				LastSwiftUpdateCheck = 1110;
				LastUpgradeCheck = 1110;
				ORGANIZATIONNAME = "Tom Li, Vodafone Australia";
				TargetAttributes = {
					BECFD4D923792535004009F9 = {
						CreatedOnToolsVersion = 11.1;
					};
					BECFD4EF23792537004009F9 = {
						CreatedOnToolsVersion = 11.1;
						TestTargetID = BECFD4D923792535004009F9;
					};
					BECFD4FA23792537004009F9 = {
						CreatedOnToolsVersion = 11.1;
						TestTargetID = BECFD4D923792535004009F9;
					};
				};
			};
			buildConfigurationList = BECFD4D523792535004009F9 /* Build configuration list for PBXProject "helloworld" */;
			compatibilityVersion = "Xcode 9.3";
			developmentRegion = en;
			hasScannedForEncodings = 0;
			knownRegions = (
				en,
				Base,
			);
			mainGroup = BECFD4D123792535004009F9;
			productRefGroup = BECFD4DB23792535004009F9 /* Products */;
			projectDirPath = "";
			projectRoot = "";
			targets = (
				BECFD4D923792535004009F9 /* helloworld */,
				BECFD4EF23792537004009F9 /* helloworldTests */,
				BECFD4FA23792537004009F9 /* helloworldUITests */,
			);
		};
/* End PBXProject section */

/* Begin PBXResourcesBuildPhase section */
		BECFD4D823792535004009F9 /* Resources */ = {
			isa = PBXResourcesBuildPhase;
			buildActionMask = 2147483647;
			files = (
				BECFD4EA23792537004009F9 /* LaunchScreen.storyboard in Resources */,
				BECFD50E23792582004009F9 /* GoogleService-Info.plist in Resources */,
				BECFD4E723792537004009F9 /* Preview Assets.xcassets in Resources */,
				BECFD4E423792537004009F9 /* Assets.xcassets in Resources */,
			);
			runOnlyForDeploymentPostprocessing = 0;
		};
		BECFD4EE23792537004009F9 /* Resources */ = {
			isa = PBXResourcesBuildPhase;
			buildActionMask = 2147483647;
			files = (
				BECFD50F23792582004009F9 /* GoogleService-Info.plist in Resources */,
			);
			runOnlyForDeploymentPostprocessing = 0;
		};
		BECFD4F923792537004009F9 /* Resources */ = {
			isa = PBXResourcesBuildPhase;
			buildActionMask = 2147483647;
			files = (
				BECFD51023792582004009F9 /* GoogleService-Info.plist in Resources */,
			);
			runOnlyForDeploymentPostprocessing = 0;
		};
/* End PBXResourcesBuildPhase section */

/* Begin PBXSourcesBuildPhase section */
		BECFD4D623792535004009F9 /* Sources */ = {
			isa = PBXSourcesBuildPhase;
			buildActionMask = 2147483647;
			files = (
				BECFD4DE23792535004009F9 /* AppDelegate.swift in Sources */,
				BECFD4E023792535004009F9 /* SceneDelegate.swift in Sources */,
				BECFD4E223792535004009F9 /* ContentView.swift in Sources */,
			);
			runOnlyForDeploymentPostprocessing = 0;
		};
		BECFD4EC23792537004009F9 /* Sources */ = {
			isa = PBXSourcesBuildPhase;
			buildActionMask = 2147483647;
			files = (
				BECFD4F523792537004009F9 /* helloworldTests.swift in Sources */,
			);
			runOnlyForDeploymentPostprocessing = 0;
		};
		BECFD4F723792537004009F9 /* Sources */ = {
			isa = PBXSourcesBuildPhase;
			buildActionMask = 2147483647;
			files = (
				BECFD50023792537004009F9 /* helloworldUITests.swift in Sources */,
			);
			runOnlyForDeploymentPostprocessing = 0;
		};
/* End PBXSourcesBuildPhase section */

/* Begin PBXTargetDependency section */
		BECFD4F223792537004009F9 /* PBXTargetDependency */ = {
			isa = PBXTargetDependency;
			target = BECFD4D923792535004009F9 /* helloworld */;
			targetProxy = BECFD4F123792537004009F9 /* PBXContainerItemProxy */;
		};
		BECFD4FD23792537004009F9 /* PBXTargetDependency */ = {
			isa = PBXTargetDependency;
			target = BECFD4D923792535004009F9 /* helloworld */;
			targetProxy = BECFD4FC23792537004009F9 /* PBXContainerItemProxy */;
		};
/* End PBXTargetDependency section */

/* Begin PBXVariantGroup section */
		BECFD4E823792537004009F9 /* LaunchScreen.storyboard */ = {
			isa = PBXVariantGroup;
			children = (
				BECFD4E923792537004009F9 /* Base */,
			);
			name = LaunchScreen.storyboard;
			sourceTree = "<group>";
		};
/* End PBXVariantGroup section */

/* Begin XCBuildConfiguration section */
		BECFD50223792537004009F9 /* Debug */ = {
			isa = XCBuildConfiguration;
			buildSettings = {
				ALWAYS_SEARCH_USER_PATHS = NO;
				CLANG_ANALYZER_NONNULL = YES;
				CLANG_ANALYZER_NUMBER_OBJECT_CONVERSION = YES_AGGRESSIVE;
				CLANG_CXX_LANGUAGE_STANDARD = "gnu++14";
				CLANG_CXX_LIBRARY = "libc++";
				CLANG_ENABLE_MODULES = YES;
				CLANG_ENABLE_OBJC_ARC = YES;
				CLANG_ENABLE_OBJC_WEAK = YES;
				CLANG_WARN_BLOCK_CAPTURE_AUTORELEASING = YES;
				CLANG_WARN_BOOL_CONVERSION = YES;
				CLANG_WARN_COMMA = YES;
				CLANG_WARN_CONSTANT_CONVERSION = YES;
				CLANG_WARN_DEPRECATED_OBJC_IMPLEMENTATIONS = YES;
				CLANG_WARN_DIRECT_OBJC_ISA_USAGE = YES_ERROR;
				CLANG_WARN_DOCUMENTATION_COMMENTS = YES;
				CLANG_WARN_EMPTY_BODY = YES;
				CLANG_WARN_ENUM_CONVERSION = YES;
				CLANG_WARN_INFINITE_RECURSION = YES;
				CLANG_WARN_INT_CONVERSION = YES;
				CLANG_WARN_NON_LITERAL_NULL_CONVERSION = YES;
				CLANG_WARN_OBJC_IMPLICIT_RETAIN_SELF = YES;
				CLANG_WARN_OBJC_LITERAL_CONVERSION = YES;
				CLANG_WARN_OBJC_ROOT_CLASS = YES_ERROR;
				CLANG_WARN_RANGE_LOOP_ANALYSIS = YES;
				CLANG_WARN_STRICT_PROTOTYPES = YES;
				CLANG_WARN_SUSPICIOUS_MOVE = YES;
				CLANG_WARN_UNGUARDED_AVAILABILITY = YES_AGGRESSIVE;
				CLANG_WARN_UNREACHABLE_CODE = YES;
				CLANG_WARN__DUPLICATE_METHOD_MATCH = YES;
				COPY_PHASE_STRIP = NO;
				DEBUG_INFORMATION_FORMAT = dwarf;
				ENABLE_STRICT_OBJC_MSGSEND = YES;
				ENABLE_TESTABILITY = YES;
				GCC_C_LANGUAGE_STANDARD = gnu11;
				GCC_DYNAMIC_NO_PIC = NO;
				GCC_NO_COMMON_BLOCKS = YES;
				GCC_OPTIMIZATION_LEVEL = 0;
				GCC_PREPROCESSOR_DEFINITIONS = (
					"DEBUG=1",
					"$(inherited)",
				);
				GCC_WARN_64_TO_32_BIT_CONVERSION = YES;
				GCC_WARN_ABOUT_RETURN_TYPE = YES_ERROR;
				GCC_WARN_UNDECLARED_SELECTOR = YES;
				GCC_WARN_UNINITIALIZED_AUTOS = YES_AGGRESSIVE;
				GCC_WARN_UNUSED_FUNCTION = YES;
				GCC_WARN_UNUSED_VARIABLE = YES;
				IPHONEOS_DEPLOYMENT_TARGET = 13.1;
				MTL_ENABLE_DEBUG_INFO = INCLUDE_SOURCE;
				MTL_FAST_MATH = YES;
				ONLY_ACTIVE_ARCH = YES;
				SDKROOT = iphoneos;
				SWIFT_ACTIVE_COMPILATION_CONDITIONS = DEBUG;
				SWIFT_OPTIMIZATION_LEVEL = "-Onone";
			};
			name = Debug;
		};
		BECFD50323792537004009F9 /* Release */ = {
			isa = XCBuildConfiguration;
			buildSettings = {
				ALWAYS_SEARCH_USER_PATHS = NO;
				CLANG_ANALYZER_NONNULL = YES;
				CLANG_ANALYZER_NUMBER_OBJECT_CONVERSION = YES_AGGRESSIVE;
				CLANG_CXX_LANGUAGE_STANDARD = "gnu++14";
				CLANG_CXX_LIBRARY = "libc++";
				CLANG_ENABLE_MODULES = YES;
				CLANG_ENABLE_OBJC_ARC = YES;
				CLANG_ENABLE_OBJC_WEAK = YES;
				CLANG_WARN_BLOCK_CAPTURE_AUTORELEASING = YES;
				CLANG_WARN_BOOL_CONVERSION = YES;
				CLANG_WARN_COMMA = YES;
				CLANG_WARN_CONSTANT_CONVERSION = YES;
				CLANG_WARN_DEPRECATED_OBJC_IMPLEMENTATIONS = YES;
				CLANG_WARN_DIRECT_OBJC_ISA_USAGE = YES_ERROR;
				CLANG_WARN_DOCUMENTATION_COMMENTS = YES;
				CLANG_WARN_EMPTY_BODY = YES;
				CLANG_WARN_ENUM_CONVERSION = YES;
				CLANG_WARN_INFINITE_RECURSION = YES;
				CLANG_WARN_INT_CONVERSION = YES;
				CLANG_WARN_NON_LITERAL_NULL_CONVERSION = YES;
				CLANG_WARN_OBJC_IMPLICIT_RETAIN_SELF = YES;
				CLANG_WARN_OBJC_LITERAL_CONVERSION = YES;
				CLANG_WARN_OBJC_ROOT_CLASS = YES_ERROR;
				CLANG_WARN_RANGE_LOOP_ANALYSIS = YES;
				CLANG_WARN_STRICT_PROTOTYPES = YES;
				CLANG_WARN_SUSPICIOUS_MOVE = YES;
				CLANG_WARN_UNGUARDED_AVAILABILITY = YES_AGGRESSIVE;
				CLANG_WARN_UNREACHABLE_CODE = YES;
				CLANG_WARN__DUPLICATE_METHOD_MATCH = YES;
				COPY_PHASE_STRIP = NO;
				DEBUG_INFORMATION_FORMAT = "dwarf-with-dsym";
				ENABLE_NS_ASSERTIONS = NO;
				ENABLE_STRICT_OBJC_MSGSEND = YES;
				GCC_C_LANGUAGE_STANDARD = gnu11;
				GCC_NO_COMMON_BLOCKS = YES;
				GCC_WARN_64_TO_32_BIT_CONVERSION = YES;
				GCC_WARN_ABOUT_RETURN_TYPE = YES_ERROR;
				GCC_WARN_UNDECLARED_SELECTOR = YES;
				GCC_WARN_UNINITIALIZED_AUTOS = YES_AGGRESSIVE;
				GCC_WARN_UNUSED_FUNCTION = YES;
				GCC_WARN_UNUSED_VARIABLE = YES;
				IPHONEOS_DEPLOYMENT_TARGET = 13.1;
				MTL_ENABLE_DEBUG_INFO = NO;
				MTL_FAST_MATH = YES;
				SDKROOT = iphoneos;
				SWIFT_COMPILATION_MODE = wholemodule;
				SWIFT_OPTIMIZATION_LEVEL = "-O";
				VALIDATE_PRODUCT = YES;
			};
			name = Release;
		};
		BECFD50523792537004009F9 /* Debug */ = {
			isa = XCBuildConfiguration;
			buildSettings = {
				ASSETCATALOG_COMPILER_APPICON_NAME = AppIcon;
				CODE_SIGN_STYLE = Automatic;
				DEVELOPMENT_ASSET_PATHS = "helloworld/Preview\\ Content ../../../../Downloads/GoogleService-Info.plist";
				ENABLE_PREVIEWS = YES;
				INFOPLIST_FILE = helloworld/Info.plist;
				LD_RUNPATH_SEARCH_PATHS = (
					"$(inherited)",
					"@executable_path/Frameworks",
				);
				PRODUCT_BUNDLE_IDENTIFIER = au.com.vodafone.helloworld;
				PRODUCT_NAME = "$(TARGET_NAME)";
				SWIFT_VERSION = 5.0;
				TARGETED_DEVICE_FAMILY = "1,2";
			};
			name = Debug;
		};
		BECFD50623792537004009F9 /* Release */ = {
			isa = XCBuildConfiguration;
			buildSettings = {
				ASSETCATALOG_COMPILER_APPICON_NAME = AppIcon;
				CODE_SIGN_STYLE = Automatic;
				DEVELOPMENT_ASSET_PATHS = "helloworld/Preview\\ Content ../../../../Downloads/GoogleService-Info.plist";
				ENABLE_PREVIEWS = YES;
				INFOPLIST_FILE = helloworld/Info.plist;
				LD_RUNPATH_SEARCH_PATHS = (
					"$(inherited)",
					"@executable_path/Frameworks",
				);
				PRODUCT_BUNDLE_IDENTIFIER = au.com.vodafone.helloworld;
				PRODUCT_NAME = "$(TARGET_NAME)";
				SWIFT_VERSION = 5.0;
				TARGETED_DEVICE_FAMILY = "1,2";
			};
			name = Release;
		};
		BECFD50823792537004009F9 /* Debug */ = {
			isa = XCBuildConfiguration;
			buildSettings = {
				ALWAYS_EMBED_SWIFT_STANDARD_LIBRARIES = YES;
				BUNDLE_LOADER = "$(TEST_HOST)";
				CODE_SIGN_STYLE = Automatic;
				INFOPLIST_FILE = helloworldTests/Info.plist;
				IPHONEOS_DEPLOYMENT_TARGET = 13.1;
				LD_RUNPATH_SEARCH_PATHS = (
					"$(inherited)",
					"@executable_path/Frameworks",
					"@loader_path/Frameworks",
				);
				PRODUCT_BUNDLE_IDENTIFIER = au.com.vodafone.helloworldTests;
				PRODUCT_NAME = "$(TARGET_NAME)";
				SWIFT_VERSION = 5.0;
				TARGETED_DEVICE_FAMILY = "1,2";
				TEST_HOST = "$(BUILT_PRODUCTS_DIR)/helloworld.app/helloworld";
			};
			name = Debug;
		};
		BECFD50923792537004009F9 /* Release */ = {
			isa = XCBuildConfiguration;
			buildSettings = {
				ALWAYS_EMBED_SWIFT_STANDARD_LIBRARIES = YES;
				BUNDLE_LOADER = "$(TEST_HOST)";
				CODE_SIGN_STYLE = Automatic;
				INFOPLIST_FILE = helloworldTests/Info.plist;
				IPHONEOS_DEPLOYMENT_TARGET = 13.1;
				LD_RUNPATH_SEARCH_PATHS = (
					"$(inherited)",
					"@executable_path/Frameworks",
					"@loader_path/Frameworks",
				);
				PRODUCT_BUNDLE_IDENTIFIER = au.com.vodafone.helloworldTests;
				PRODUCT_NAME = "$(TARGET_NAME)";
				SWIFT_VERSION = 5.0;
				TARGETED_DEVICE_FAMILY = "1,2";
				TEST_HOST = "$(BUILT_PRODUCTS_DIR)/helloworld.app/helloworld";
			};
			name = Release;
		};
		BECFD50B23792537004009F9 /* Debug */ = {
			isa = XCBuildConfiguration;
			buildSettings = {
				ALWAYS_EMBED_SWIFT_STANDARD_LIBRARIES = YES;
				CODE_SIGN_STYLE = Automatic;
				INFOPLIST_FILE = helloworldUITests/Info.plist;
				LD_RUNPATH_SEARCH_PATHS = (
					"$(inherited)",
					"@executable_path/Frameworks",
					"@loader_path/Frameworks",
				);
				PRODUCT_BUNDLE_IDENTIFIER = au.com.vodafone.helloworldUITests;
				PRODUCT_NAME = "$(TARGET_NAME)";
				SWIFT_VERSION = 5.0;
				TARGETED_DEVICE_FAMILY = "1,2";
				TEST_TARGET_NAME = helloworld;
			};
			name = Debug;
		};
		BECFD50C23792537004009F9 /* Release */ = {
			isa = XCBuildConfiguration;
			buildSettings = {
				ALWAYS_EMBED_SWIFT_STANDARD_LIBRARIES = YES;
				CODE_SIGN_STYLE = Automatic;
				INFOPLIST_FILE = helloworldUITests/Info.plist;
				LD_RUNPATH_SEARCH_PATHS = (
					"$(inherited)",
					"@executable_path/Frameworks",
					"@loader_path/Frameworks",
				);
				PRODUCT_BUNDLE_IDENTIFIER = au.com.vodafone.helloworldUITests;
				PRODUCT_NAME = "$(TARGET_NAME)";
				SWIFT_VERSION = 5.0;
				TARGETED_DEVICE_FAMILY = "1,2";
				TEST_TARGET_NAME = helloworld;
			};
			name = Release;
		};
/* End XCBuildConfiguration section */

/* Begin XCConfigurationList section */
		BECFD4D523792535004009F9 /* Build configuration list for PBXProject "helloworld" */ = {
			isa = XCConfigurationList;
			buildConfigurations = (
				BECFD50223792537004009F9 /* Debug */,
				BECFD50323792537004009F9 /* Release */,
			);
			defaultConfigurationIsVisible = 0;
			defaultConfigurationName = Release;
		};
		BECFD50423792537004009F9 /* Build configuration list for PBXNativeTarget "helloworld" */ = {
			isa = XCConfigurationList;
			buildConfigurations = (
				BECFD50523792537004009F9 /* Debug */,
				BECFD50623792537004009F9 /* Release */,
			);
			defaultConfigurationIsVisible = 0;
			defaultConfigurationName = Release;
		};
		BECFD50723792537004009F9 /* Build configuration list for PBXNativeTarget "helloworldTests" */ = {
			isa = XCConfigurationList;
			buildConfigurations = (
				BECFD50823792537004009F9 /* Debug */,
				BECFD50923792537004009F9 /* Release */,
			);
			defaultConfigurationIsVisible = 0;
			defaultConfigurationName = Release;
		};
		BECFD50A23792537004009F9 /* Build configuration list for PBXNativeTarget "helloworldUITests" */ = {
			isa = XCConfigurationList;
			buildConfigurations = (
				BECFD50B23792537004009F9 /* Debug */,
				BECFD50C23792537004009F9 /* Release */,
			);
			defaultConfigurationIsVisible = 0;
			defaultConfigurationName = Release;
		};
/* End XCConfigurationList section */
	};
	rootObject = BECFD4D223792535004009F9 /* Project object */;
}
